{
    "_meta": {
        "hash": {
            "sha256": "a6416f03a91659f43e728f151ba1f3a348af41b21ab869a857da95f62c27fe14"
        },
        "pipfile-spec": 6,
        "requires": {
            "python_version": "3.10"
        },
        "sources": [
            {
                "name": "pypi",
                "url": "https://pypi.org/simple",
                "verify_ssl": true
            }
        ]
    },
    "default": {
        "joblib": {
            "hashes": [
                "sha256:06d478d5674cbc267e7496a410ee875abd68e4340feff4490bcb7afb88060ae6",
                "sha256:2382c5816b2636fbd20a09e0f4e9dad4736765fdfb7dca582943b9c1366b3f0e"
            ],
            "markers": "python_version >= '3.8'",
            "version": "==1.4.2"
        },
        "numpy": {
            "hashes": [
                "sha256:03a8c78d01d9781b28a6989f6fa1bb2c4f2d51201cf99d3dd875df6fbd96b23b",
                "sha256:08beddf13648eb95f8d867350f6a018a4be2e5ad54c8d8caed89ebca558b2818",
                "sha256:1af303d6b2210eb850fcf03064d364652b7120803a0b872f5211f5234b399f20",
                "sha256:1dda2e7b4ec9dd512f84935c5f126c8bd8b9f2fc001e9f54af255e8c5f16b0e0",
                "sha256:2a02aba9ed12e4ac4eb3ea9421c420301a0c6460d9830d74a9df87efa4912010",
                "sha256:2e4ee3380d6de9c9ec04745830fd9e2eccb3e6cf790d39d7b98ffd19b0dd754a",
                "sha256:3373d5d70a5fe74a2c1bb6d2cfd9609ecf686d47a2d7b1d37a8f3b6bf6003aea",
                "sha256:47711010ad8555514b434df65f7d7b076bb8261df1ca9bb78f53d3b2db02e95c",
                "sha256:4c66707fabe114439db9068ee468c26bbdf909cac0fb58686a42a24de1760c71",
                "sha256:50193e430acfc1346175fcbdaa28ffec49947a06918b7b92130744e81e640110",
                "sha256:52b8b60467cd7dd1e9ed082188b4e6bb35aa5cdd01777621a1658910745b90be",
                "sha256:60dedbb91afcbfdc9bc0b1f3f402804070deed7392c23eb7a7f07fa857868e8a",
                "sha256:62b8e4b1e28009ef2846b4c7852046736bab361f7aeadeb6a5b89ebec3c7055a",
                "sha256:666dbfb6ec68962c033a450943ded891bed2d54e6755e35e5835d63f4f6931d5",
                "sha256:675d61ffbfa78604709862923189bad94014bef562cc35cf61d3a07bba02a7ed",
                "sha256:679b0076f67ecc0138fd2ede3a8fd196dddc2ad3254069bcb9faf9a79b1cebcd",
                "sha256:7349ab0fa0c429c82442a27a9673fc802ffdb7c7775fad780226cb234965e53c",
                "sha256:7ab55401287bfec946ced39700c053796e7cc0e3acbef09993a9ad2adba6ca6e",
                "sha256:7e50d0a0cc3189f9cb0aeb3a6a6af18c16f59f004b866cd2be1c14b36134a4a0",
                "sha256:95a7476c59002f2f6c590b9b7b998306fba6a5aa646b1e22ddfeaf8f78c3a29c",
                "sha256:96ff0b2ad353d8f990b63294c8986f1ec3cb19d749234014f4e7eb0112ceba5a",
                "sha256:9fad7dcb1aac3c7f0584a5a8133e3a43eeb2fe127f47e3632d43d677c66c102b",
                "sha256:9ff0f4f29c51e2803569d7a51c2304de5554655a60c5d776e35b4a41413830d0",
                "sha256:a354325ee03388678242a4d7ebcd08b5c727033fcff3b2f536aea978e15ee9e6",
                "sha256:a4abb4f9001ad2858e7ac189089c42178fcce737e4169dc61321660f1a96c7d2",
                "sha256:ab47dbe5cc8210f55aa58e4805fe224dac469cde56b9f731a4c098b91917159a",
                "sha256:afedb719a9dcfc7eaf2287b839d8198e06dcd4cb5d276a3df279231138e83d30",
                "sha256:b3ce300f3644fb06443ee2222c2201dd3a89ea6040541412b8fa189341847218",
                "sha256:b97fe8060236edf3662adfc2c633f56a08ae30560c56310562cb4f95500022d5",
                "sha256:bfe25acf8b437eb2a8b2d49d443800a5f18508cd811fea3181723922a8a82b07",
                "sha256:cd25bcecc4974d09257ffcd1f098ee778f7834c3ad767fe5db785be9a4aa9cb2",
                "sha256:d209d8969599b27ad20994c8e41936ee0964e6da07478d6c35016bc386b66ad4",
                "sha256:d5241e0a80d808d70546c697135da2c613f30e28251ff8307eb72ba696945764",
                "sha256:edd8b5fe47dab091176d21bb6de568acdd906d1887a4584a15a9a96a1dca06ef",
                "sha256:f870204a840a60da0b12273ef34f7051e98c3b5961b61b0c2c1be6dfd64fbcd3",
                "sha256:ffa75af20b44f8dba823498024771d5ac50620e6915abac414251bd971b4529f"
            ],
            "index": "pypi",
            "markers": "python_version >= '3.9'",
            "version": "==1.26.4"
        },
        "pandas": {
            "hashes": [
                "sha256:02304e11582c5d090e5a52aec726f31fe3f42895d6bfc1f28738f9b64b6f0614",
                "sha256:0489b0e6aa3d907e909aef92975edae89b1ee1654db5eafb9be633b0124abe97",
                "sha256:05674536bd477af36aa2effd4ec8f71b92234ce0cc174de34fd21e2ee99adbc2",
                "sha256:25e8474a8eb258e391e30c288eecec565bfed3e026f312b0cbd709a63906b6f8",
                "sha256:29deb61de5a8a93bdd033df328441a79fcf8dd3c12d5ed0b41a395eef9cd76f0",
                "sha256:366da7b0e540d1b908886d4feb3d951f2f1e572e655c1160f5fde28ad4abb750",
                "sha256:3bcad1e6fb34b727b016775bea407311f7721db87e5b409e6542f4546a4951ea",
                "sha256:4c3f32fd7c4dccd035f71734df39231ac1a6ff95e8bdab8d891167197b7018d2",
                "sha256:4cdb0fab0400c2cb46dafcf1a0fe084c8bb2480a1fa8d81e19d15e12e6d4ded2",
                "sha256:4f99bebf19b7e03cf80a4e770a3e65eee9dd4e2679039f542d7c1ace7b7b1daa",
                "sha256:58d997dbee0d4b64f3cb881a24f918b5f25dd64ddf31f467bb9b67ae4c63a1e4",
                "sha256:75ce97667d06d69396d72be074f0556698c7f662029322027c226fd7a26965cb",
                "sha256:84e7e910096416adec68075dc87b986ff202920fb8704e6d9c8c9897fe7332d6",
                "sha256:9e2959720b70e106bb1d8b6eadd8ecd7c8e99ccdbe03ee03260877184bb2877d",
                "sha256:9e50e72b667415a816ac27dfcfe686dc5a0b02202e06196b943d54c4f9c7693e",
                "sha256:a0dbfea0dd3901ad4ce2306575c54348d98499c95be01b8d885a2737fe4d7a98",
                "sha256:b407381258a667df49d58a1b637be33e514b07f9285feb27769cedb3ab3d0b3a",
                "sha256:b8bd1685556f3374520466998929bade3076aeae77c3e67ada5ed2b90b4de7f0",
                "sha256:c1f84c144dee086fe4f04a472b5cd51e680f061adf75c1ae4fc3a9275560f8f4",
                "sha256:c747793c4e9dcece7bb20156179529898abf505fe32cb40c4052107a3c620b49",
                "sha256:cc1ab6a25da197f03ebe6d8fa17273126120874386b4ac11c1d687df288542dd",
                "sha256:dc3657869c7902810f32bd072f0740487f9e030c1a3ab03e0af093db35a9d14e",
                "sha256:f5ec7740f9ccb90aec64edd71434711f58ee0ea7f5ed4ac48be11cfa9abf7317",
                "sha256:fecb198dc389429be557cde50a2d46da8434a17fe37d7d41ff102e3987fd947b",
                "sha256:ffa8f0966de2c22de408d0e322db2faed6f6e74265aa0856f3824813cf124363"
            ],
            "index": "pypi",
            "markers": "python_version >= '3.9'",
            "version": "==2.1.1"
        },
        "pyarrow": {
            "hashes": [
                "sha256:059bd8f12a70519e46cd64e1ba40e97eae55e0cbe1695edd95384653d7626b23",
                "sha256:06ff1264fe4448e8d02073f5ce45a9f934c0f3db0a04460d0b01ff28befc3696",
                "sha256:1e6987c5274fb87d66bb36816afb6f65707546b3c45c44c28e3c4133c010a881",
                "sha256:209bac546942b0d8edc8debda248364f7f668e4aad4741bae58e67d40e5fcf75",
                "sha256:20e003a23a13da963f43e2b432483fdd8c38dc8882cd145f09f21792e1cf22a1",
                "sha256:22a768987a16bb46220cef490c56c671993fbee8fd0475febac0b3e16b00a10e",
                "sha256:2cc61593c8e66194c7cdfae594503e91b926a228fba40b5cf25cc593563bcd07",
                "sha256:2dbba05e98f247f17e64303eb876f4a80fcd32f73c7e9ad975a83834d81f3fda",
                "sha256:32356bfb58b36059773f49e4e214996888eeea3a08893e7dbde44753799b2a02",
                "sha256:36cef6ba12b499d864d1def3e990f97949e0b79400d08b7cf74504ffbd3eb025",
                "sha256:37c233ddbce0c67a76c0985612fef27c0c92aef9413cf5aa56952f359fcb7379",
                "sha256:3c0fa3bfdb0305ffe09810f9d3e2e50a2787e3a07063001dcd7adae0cee3601a",
                "sha256:3f16111f9ab27e60b391c5f6d197510e3ad6654e73857b4e394861fc79c37200",
                "sha256:52809ee69d4dbf2241c0e4366d949ba035cbcf48409bf404f071f624ed313a2b",
                "sha256:5c1da70d668af5620b8ba0a23f229030a4cd6c5f24a616a146f30d2386fec422",
                "sha256:63ac901baec9369d6aae1cbe6cca11178fb018a8d45068aaf5bb54f94804a866",
                "sha256:64df2bf1ef2ef14cee531e2dfe03dd924017650ffaa6f9513d7a1bb291e59c15",
                "sha256:66e986dc859712acb0bd45601229021f3ffcdfc49044b64c6d071aaf4fa49e98",
                "sha256:6dd4f4b472ccf4042f1eab77e6c8bce574543f54d2135c7e396f413046397d5a",
                "sha256:75ee0efe7a87a687ae303d63037d08a48ef9ea0127064df18267252cfe2e9541",
                "sha256:76fc257559404ea5f1306ea9a3ff0541bf996ff3f7b9209fc517b5e83811fa8e",
                "sha256:78ea56f62fb7c0ae8ecb9afdd7893e3a7dbeb0b04106f5c08dbb23f9c0157591",
                "sha256:87482af32e5a0c0cce2d12eb3c039dd1d853bd905b04f3f953f147c7a196915b",
                "sha256:87e879323f256cb04267bb365add7208f302df942eb943c93a9dfeb8f44840b1",
                "sha256:a01d0052d2a294a5f56cc1862933014e696aa08cc7b620e8c0cce5a5d362e976",
                "sha256:a25eb2421a58e861f6ca91f43339d215476f4fe159eca603c55950c14f378cc5",
                "sha256:a51fee3a7db4d37f8cda3ea96f32530620d43b0489d169b285d774da48ca9785",
                "sha256:a898d134d00b1eca04998e9d286e19653f9d0fcb99587310cd10270907452a6b",
                "sha256:b0c4a18e00f3a32398a7f31da47fefcd7a927545b396e1f15d0c85c2f2c778cd",
                "sha256:ba9fe808596c5dbd08b3aeffe901e5f81095baaa28e7d5118e01354c64f22807",
                "sha256:c65bf4fd06584f058420238bc47a316e80dda01ec0dfb3044594128a6c2db794",
                "sha256:c87824a5ac52be210d32906c715f4ed7053d0180c1060ae3ff9b7e560f53f944",
                "sha256:e354fba8490de258be7687f341bc04aba181fc8aa1f71e4584f9890d9cb2dec2",
                "sha256:e4b123ad0f6add92de898214d404e488167b87b5dd86e9a434126bc2b7a5578d",
                "sha256:f7d029f20ef56673a9730766023459ece397a05001f4e4d13805111d7c2108c0",
                "sha256:fc0de7575e841f1595ac07e5bc631084fd06ca8b03c0f2ecece733d23cd5102a"
            ],
            "index": "pypi",
            "markers": "python_version >= '3.8'",
            "version": "==14.0.2"
        },
        "python-dateutil": {
            "hashes": [
                "sha256:37dd54208da7e1cd875388217d5e00ebd4179249f90fb72437e91a35459a0ad3",
                "sha256:a8b2bc7bffae282281c8140a97d3aa9c14da0b136dfe83f850eea9a5f7470427"
            ],
            "markers": "python_version >= '2.7' and python_version not in '3.0, 3.1, 3.2, 3.3'",
            "version": "==2.9.0.post0"
        },
        "pytz": {
            "hashes": [
                "sha256:2a29735ea9c18baf14b448846bde5a48030ed267578472d8955cd0e7443a9812",
                "sha256:328171f4e3623139da4983451950b28e95ac706e13f3f2630a879749e7a8b319"
            ],
            "version": "==2024.1"
        },
        "scikit-learn": {
            "hashes": [
                "sha256:0e8102d5036e28d08ab47166b48c8d5e5810704daecf3a476a4282d562be9a28",
                "sha256:151ac2bf65ccf363664a689b8beafc9e6aae36263db114b4ca06fbbbf827444a",
                "sha256:1d54fb9e6038284548072df22fd34777e434153f7ffac72c8596f2d6987110dd",
                "sha256:3a11936adbc379a6061ea32fa03338d4ca7248d86dd507c81e13af428a5bc1db",
                "sha256:436aaaae2c916ad16631142488e4c82f4296af2404f480e031d866863425d2a2",
                "sha256:552fd1b6ee22900cf1780d7386a554bb96949e9a359999177cf30211e6b20df6",
                "sha256:6a885a9edc9c0a341cab27ec4f8a6c58b35f3d449c9d2503a6fd23e06bbd4f6a",
                "sha256:7617164951c422747e7c32be4afa15d75ad8044f42e7d70d3e2e0429a50e6718",
                "sha256:79970a6d759eb00a62266a31e2637d07d2d28446fca8079cf9afa7c07b0427f8",
                "sha256:850a00b559e636b23901aabbe79b73dc604b4e4248ba9e2d6e72f95063765603",
                "sha256:8be549886f5eda46436b6e555b0e4873b4f10aa21c07df45c4bc1735afbccd7a",
                "sha256:981287869e576d42c682cf7ca96af0c6ac544ed9316328fd0d9292795c742cf5",
                "sha256:9877af9c6d1b15486e18a94101b742e9d0d2f343d35a634e337411ddb57783f3",
                "sha256:998d38fcec96584deee1e79cd127469b3ad6fefd1ea6c2dfc54e8db367eb396b",
                "sha256:9d953531f5d9f00c90c34fa3b7d7cfb43ecff4c605dac9e4255a20b114a27369",
                "sha256:ae80c08834a473d08a204d966982a62e11c976228d306a2648c575e3ead12111",
                "sha256:c470f53cea065ff3d588050955c492793bb50c19a92923490d18fcb637f6383a",
                "sha256:c7e28d8fa47a0b30ae1bd7a079519dd852764e31708a7804da6cb6f8b36e3630",
                "sha256:ded35e810438a527e17623ac6deae3b360134345b7c598175ab7741720d7ffa7",
                "sha256:ee04835fb016e8062ee9fe9074aef9b82e430504e420bff51e3e5fffe72750ca",
                "sha256:fd6e2d7389542eae01077a1ee0318c4fec20c66c957f45c7aac0c6eb0fe3c612"
            ],
            "index": "pypi",
            "markers": "python_version >= '3.8'",
            "version": "==1.3.0"
        },
        "scipy": {
            "hashes": [
                "sha256:017367484ce5498445aade74b1d5ab377acdc65e27095155e448c88497755a5d",
                "sha256:095a87a0312b08dfd6a6155cbbd310a8c51800fc931b8c0b84003014b874ed3c",
                "sha256:20335853b85e9a49ff7572ab453794298bcf0354d8068c5f6775a0eabf350aca",
                "sha256:27e52b09c0d3a1d5b63e1105f24177e544a222b43611aaf5bc44d4a0979e32f9",
                "sha256:2831f0dc9c5ea9edd6e51e6e769b655f08ec6db6e2e10f86ef39bd32eb11da54",
                "sha256:2ac65fb503dad64218c228e2dc2d0a0193f7904747db43014645ae139c8fad16",
                "sha256:392e4ec766654852c25ebad4f64e4e584cf19820b980bc04960bca0b0cd6eaa2",
                "sha256:436bbb42a94a8aeef855d755ce5a465479c721e9d684de76bf61a62e7c2b81d5",
                "sha256:45484bee6d65633752c490404513b9ef02475b4284c4cfab0ef946def50b3f59",
                "sha256:54f430b00f0133e2224c3ba42b805bfd0086fe488835effa33fa291561932326",
                "sha256:5713f62f781eebd8d597eb3f88b8bf9274e79eeabf63afb4a737abc6c84ad37b",
                "sha256:5d72782f39716b2b3509cd7c33cdc08c96f2f4d2b06d51e52fb45a19ca0c86a1",
                "sha256:637e98dcf185ba7f8e663e122ebf908c4702420477ae52a04f9908707456ba4d",
                "sha256:8335549ebbca860c52bf3d02f80784e91a004b71b059e3eea9678ba994796a24",
                "sha256:949ae67db5fa78a86e8fa644b9a6b07252f449dcf74247108c50e1d20d2b4627",
                "sha256:a014c2b3697bde71724244f63de2476925596c24285c7a637364761f8710891c",
                "sha256:a78b4b3345f1b6f68a763c6e25c0c9a23a9fd0f39f5f3d200efe8feda560a5fa",
                "sha256:cdd7dacfb95fea358916410ec61bbc20440f7860333aee6d882bb8046264e949",
                "sha256:cfa31f1def5c819b19ecc3a8b52d28ffdcc7ed52bb20c9a7589669dd3c250989",
                "sha256:d533654b7d221a6a97304ab63c41c96473ff04459e404b83275b60aa8f4b7004",
                "sha256:d605e9c23906d1994f55ace80e0125c587f96c020037ea6aa98d01b4bd2e222f",
                "sha256:de3ade0e53bc1f21358aa74ff4830235d716211d7d077e340c7349bc3542e884",
                "sha256:e89369d27f9e7b0884ae559a3a956e77c02114cc60a6058b4e5011572eea9299",
                "sha256:eccfa1906eacc02de42d70ef4aecea45415f5be17e72b61bafcfd329bdc52e94",
                "sha256:f26264b282b9da0952a024ae34710c2aff7d27480ee91a2e82b7b7073c24722f"
            ],
            "markers": "python_version >= '3.9'",
            "version": "==1.13.1"
        },
        "six": {
            "hashes": [
                "sha256:1e61c37477a1626458e36f7b1d82aa5c9b094fa4802892072e49de9c60c4c926",
                "sha256:8abb2f1d86890a2dfb989f9a77cfcfd3e47c2a354b01111771326f8aa26e0254"
            ],
            "markers": "python_version >= '2.7' and python_version not in '3.0, 3.1, 3.2, 3.3'",
            "version": "==1.16.0"
        },
        "threadpoolctl": {
            "hashes": [
                "sha256:082433502dd922bf738de0d8bcc4fdcbf0979ff44c42bd40f5af8a282f6fa107",
                "sha256:56c1e26c150397e58c4926da8eeee87533b1e32bef131bd4bf6a2f45f3185467"
            ],
            "markers": "python_version >= '3.8'",
            "version": "==3.5.0"
        },
        "tzdata": {
            "hashes": [
                "sha256:2674120f8d891909751c38abcdfd386ac0a5a1127954fbc332af6b5ceae07efd",
                "sha256:9068bc196136463f5245e51efda838afa15aaeca9903f49050dfa2679db4d252"
            ],
            "markers": "python_version >= '2'",
            "version": "==2024.1"
        }
    },
    "develop": {}
}
